
Microsoft Visual Studio Solution File, Format Version 12.00
# Visual Studio Version 16
VisualStudioVersion = 16.0.31624.102
MinimumVisualStudioVersion = 10.0.40219.1
Project("{FAE04EC0-301F-11D3-BF4B-00C04F79EFBC}") = "TutorialTask", "TutorialTask\TutorialTask.csproj", "{8532C8C0-3A7D-4D39-A0EC-6444D6414708}"
EndProject
Global
	GlobalSection(SolutionConfigurationPlatforms) = preSolution
		Debug|Any CPU = Debug|Any CPU
		Release|Any CPU = Release|Any CPU
	EndGlobalSection
	GlobalSection(ProjectConfigurationPlatforms) = postSolution
		{8532C8C0-3A7D-4D39-A0EC-6444D6414708}.Debug|Any CPU.ActiveCfg = Debug|Any CPU
		{8532C8C0-3A7D-4D39-A0EC-6444D6414708}.Debug|Any CPU.Build.0 = Debug|Any CPU
		{8532C8C0-3A7D-4D39-A0EC-6444D6414708}.Release|Any CPU.ActiveCfg = Release|Any CPU
		{8532C8C0-3A7D-4D39-A0EC-6444D6414708}.Release|Any CPU.Build.0 = Release|Any CPU
	EndGlobalSection
	GlobalSection(SolutionProperties) = preSolution
		HideSolutionNode = FALSE
	EndGlobalSection
	GlobalSection(ExtensibilityGlobals) = postSolution
		SolutionGuid = {1A679D90-C12F-43AE-8FC5-454090A7DA1D}
	EndGlobalSection
EndGlobal
